
Microsoft Visual Studio Solution File, Format Version 12.00
# Visual Studio Version 17
VisualStudioVersion = 17.5.33530.505
MinimumVisualStudioVersion = 10.0.40219.1
Project("{FAE04EC0-301F-11D3-BF4B-00C04F79EFBC}") = "Aula09.04.25", "Aula09.04.25.csproj", "{215BAB7E-27CA-454E-981E-3F93F9049456}"
EndProject
Global
	GlobalSection(SolutionConfigurationPlatforms) = preSolution
		Debug|Any CPU = Debug|Any CPU
		Release|Any CPU = Release|Any CPU
	EndGlobalSection
	GlobalSection(ProjectConfigurationPlatforms) = postSolution
		{215BAB7E-27CA-454E-981E-3F93F9049456}.Debug|Any CPU.ActiveCfg = Debug|Any CPU
		{215BAB7E-27CA-454E-981E-3F93F9049456}.Debug|Any CPU.Build.0 = Debug|Any CPU
		{215BAB7E-27CA-454E-981E-3F93F9049456}.Release|Any CPU.ActiveCfg = Release|Any CPU
		{215BAB7E-27CA-454E-981E-3F93F9049456}.Release|Any CPU.Build.0 = Release|Any CPU
	EndGlobalSection
	GlobalSection(SolutionProperties) = preSolution
		HideSolutionNode = FALSE
	EndGlobalSection
	GlobalSection(ExtensibilityGlobals) = postSolution
		SolutionGuid = {4C695488-6DAB-4C6A-82F6-EA514078DAF2}
	EndGlobalSection
EndGlobal
