
Microsoft Visual Studio Solution File, Format Version 12.00
# Visual Studio Version 17
VisualStudioVersion = 17.5.33530.505
MinimumVisualStudioVersion = 10.0.40219.1
Project("{FAE04EC0-301F-11D3-BF4B-00C04F79EFBC}") = "Aula16.04.25", "Aula16.04.25.csproj", "{8411B516-411E-4B6B-BDF1-39D201C2C541}"
EndProject
Global
	GlobalSection(SolutionConfigurationPlatforms) = preSolution
		Debug|Any CPU = Debug|Any CPU
		Release|Any CPU = Release|Any CPU
	EndGlobalSection
	GlobalSection(ProjectConfigurationPlatforms) = postSolution
		{8411B516-411E-4B6B-BDF1-39D201C2C541}.Debug|Any CPU.ActiveCfg = Debug|Any CPU
		{8411B516-411E-4B6B-BDF1-39D201C2C541}.Debug|Any CPU.Build.0 = Debug|Any CPU
		{8411B516-411E-4B6B-BDF1-39D201C2C541}.Release|Any CPU.ActiveCfg = Release|Any CPU
		{8411B516-411E-4B6B-BDF1-39D201C2C541}.Release|Any CPU.Build.0 = Release|Any CPU
	EndGlobalSection
	GlobalSection(SolutionProperties) = preSolution
		HideSolutionNode = FALSE
	EndGlobalSection
	GlobalSection(ExtensibilityGlobals) = postSolution
		SolutionGuid = {B1A4827B-9940-498A-B31F-F1562F6D21AD}
	EndGlobalSection
EndGlobal
